
Microsoft Visual Studio Solution File, Format Version 12.00
# Visual Studio Version 17
VisualStudioVersion = 17.6.33829.357
MinimumVisualStudioVersion = 10.0.40219.1
Project("{FAE04EC0-301F-11D3-BF4B-00C04F79EFBC}") = "AdminToUserMailAPI", "AdminToUserMailAPI.csproj", "{7B92D093-E256-4517-AF34-CF7F6B39DEFD}"
EndProject
Global
	GlobalSection(SolutionConfigurationPlatforms) = preSolution
		Debug|Any CPU = Debug|Any CPU
		Release|Any CPU = Release|Any CPU
	EndGlobalSection
	GlobalSection(ProjectConfigurationPlatforms) = postSolution
		{7B92D093-E256-4517-AF34-CF7F6B39DEFD}.Debug|Any CPU.ActiveCfg = Debug|Any CPU
		{7B92D093-E256-4517-AF34-CF7F6B39DEFD}.Debug|Any CPU.Build.0 = Debug|Any CPU
		{7B92D093-E256-4517-AF34-CF7F6B39DEFD}.Release|Any CPU.ActiveCfg = Release|Any CPU
		{7B92D093-E256-4517-AF34-CF7F6B39DEFD}.Release|Any CPU.Build.0 = Release|Any CPU
	EndGlobalSection
	GlobalSection(SolutionProperties) = preSolution
		HideSolutionNode = FALSE
	EndGlobalSection
	GlobalSection(ExtensibilityGlobals) = postSolution
		SolutionGuid = {0815C0D7-7D73-422E-9A3B-55BA95AE4575}
	EndGlobalSection
EndGlobal
